// !$*UTF8*$!
{
	archiveVersion = 1;
	classes = {
	};
	objectVersion = 46;
	objects = {

/* Begin PBXBuildFile section */
		901297691E562EA9009217E7 /* AppDelegate.swift in Sources */ = {isa = PBXBuildFile; fileRef = 901297681E562EA9009217E7 /* AppDelegate.swift */; };
		9012976B1E562EA9009217E7 /* ViewController.swift in Sources */ = {isa = PBXBuildFile; fileRef = 9012976A1E562EA9009217E7 /* ViewController.swift */; };
		9012976E1E562EA9009217E7 /* Main.storyboard in Resources */ = {isa = PBXBuildFile; fileRef = 9012976C1E562EA9009217E7 /* Main.storyboard */; };
		901297701E562EA9009217E7 /* Assets.xcassets in Resources */ = {isa = PBXBuildFile; fileRef = 9012976F1E562EA9009217E7 /* Assets.xcassets */; };
		901297731E562EA9009217E7 /* LaunchScreen.storyboard in Resources */ = {isa = PBXBuildFile; fileRef = 901297711E562EA9009217E7 /* LaunchScreen.storyboard */; };
		9012977E1E562EAA009217E7 /* ConvertItTests.swift in Sources */ = {isa = PBXBuildFile; fileRef = 9012977D1E562EAA009217E7 /* ConvertItTests.swift */; };
/* End PBXBuildFile section */

/* Begin PBXContainerItemProxy section */
		9012977A1E562EAA009217E7 /* PBXContainerItemProxy */ = {
			isa = PBXContainerItemProxy;
			containerPortal = 9012975D1E562EA9009217E7 /* Project object */;
			proxyType = 1;
			remoteGlobalIDString = 901297641E562EA9009217E7;
			remoteInfo = ConvertIt;
		};
/* End PBXContainerItemProxy section */

/* Begin PBXFileReference section */
		901297651E562EA9009217E7 /* ConvertIt.app */ = {isa = PBXFileReference; explicitFileType = wrapper.application; includeInIndex = 0; path = ConvertIt.app; sourceTree = BUILT_PRODUCTS_DIR; };
		901297681E562EA9009217E7 /* AppDelegate.swift */ = {isa = PBXFileReference; lastKnownFileType = sourcecode.swift; path = AppDelegate.swift; sourceTree = "<group>"; };
		9012976A1E562EA9009217E7 /* ViewController.swift */ = {isa = PBXFileReference; lastKnownFileType = sourcecode.swift; path = ViewController.swift; sourceTree = "<group>"; };
		9012976D1E562EA9009217E7 /* Base */ = {isa = PBXFileReference; lastKnownFileType = file.storyboard; name = Base; path = Base.lproj/Main.storyboard; sourceTree = "<group>"; };
		9012976F1E562EA9009217E7 /* Assets.xcassets */ = {isa = PBXFileReference; lastKnownFileType = folder.assetcatalog; path = Assets.xcassets; sourceTree = "<group>"; };
		901297721E562EA9009217E7 /* Base */ = {isa = PBXFileReference; lastKnownFileType = file.storyboard; name = Base; path = Base.lproj/LaunchScreen.storyboard; sourceTree = "<group>"; };
		901297741E562EA9009217E7 /* Info.plist */ = {isa = PBXFileReference; lastKnownFileType = text.plist.xml; path = Info.plist; sourceTree = "<group>"; };
		901297791E562EAA009217E7 /* ConvertItTests.xctest */ = {isa = PBXFileReference; explicitFileType = wrapper.cfbundle; includeInIndex = 0; path = ConvertItTests.xctest; sourceTree = BUILT_PRODUCTS_DIR; };
		9012977D1E562EAA009217E7 /* ConvertItTests.swift */ = {isa = PBXFileReference; lastKnownFileType = sourcecode.swift; path = ConvertItTests.swift; sourceTree = "<group>"; };
		9012977F1E562EAA009217E7 /* Info.plist */ = {isa = PBXFileReference; lastKnownFileType = text.plist.xml; path = Info.plist; sourceTree = "<group>"; };
/* End PBXFileReference section */

/* Begin PBXFrameworksBuildPhase section */
		901297621E562EA9009217E7 /* Frameworks */ = {
			isa = PBXFrameworksBuildPhase;
			buildActionMask = 2147483647;
			files = (
			);
			runOnlyForDeploymentPostprocessing = 0;
		};
		901297761E562EAA009217E7 /* Frameworks */ = {
			isa = PBXFrameworksBuildPhase;
			buildActionMask = 2147483647;
			files = (
			);
			runOnlyForDeploymentPostprocessing = 0;
		};
/* End PBXFrameworksBuildPhase section */

/* Begin PBXGroup section */
		9012975C1E562EA9009217E7 = {
			isa = PBXGroup;
			children = (
				901297671E562EA9009217E7 /* ConvertIt */,
				9012977C1E562EAA009217E7 /* ConvertItTests */,
				901297661E562EA9009217E7 /* Products */,
			);
			sourceTree = "<group>";
		};
		901297661E562EA9009217E7 /* Products */ = {
			isa = PBXGroup;
			children = (
				901297651E562EA9009217E7 /* ConvertIt.app */,
				901297791E562EAA009217E7 /* ConvertItTests.xctest */,
			);
			name = Products;
			sourceTree = "<group>";
		};
		901297671E562EA9009217E7 /* ConvertIt */ = {
			isa = PBXGroup;
			children = (
				901297681E562EA9009217E7 /* AppDelegate.swift */,
				9012976A1E562EA9009217E7 /* ViewController.swift */,
				9012976C1E562EA9009217E7 /* Main.storyboard */,
				9012976F1E562EA9009217E7 /* Assets.xcassets */,
				901297711E562EA9009217E7 /* LaunchScreen.storyboard */,
				901297741E562EA9009217E7 /* Info.plist */,
			);
			path = ConvertIt;
			sourceTree = "<group>";
		};
		9012977C1E562EAA009217E7 /* ConvertItTests */ = {
			isa = PBXGroup;
			children = (
				9012977D1E562EAA009217E7 /* ConvertItTests.swift */,
				9012977F1E562EAA009217E7 /* Info.plist */,
			);
			path = ConvertItTests;
			sourceTree = "<group>";
		};
/* End PBXGroup section */

/* Begin PBXNativeTarget section */
		901297641E562EA9009217E7 /* ConvertIt */ = {
			isa = PBXNativeTarget;
			buildConfigurationList = 901297821E562EAA009217E7 /* Build configuration list for PBXNativeTarget "ConvertIt" */;
			buildPhases = (
				901297611E562EA9009217E7 /* Sources */,
				901297621E562EA9009217E7 /* Frameworks */,
				901297631E562EA9009217E7 /* Resources */,
			);
			buildRules = (
			);
			dependencies = (
			);
			name = ConvertIt;
			productName = ConvertIt;
			productReference = 901297651E562EA9009217E7 /* ConvertIt.app */;
			productType = "com.apple.product-type.application";
		};
		901297781E562EAA009217E7 /* ConvertItTests */ = {
			isa = PBXNativeTarget;
			buildConfigurationList = 901297851E562EAA009217E7 /* Build configuration list for PBXNativeTarget "ConvertItTests" */;
			buildPhases = (
				901297751E562EAA009217E7 /* Sources */,
				901297761E562EAA009217E7 /* Frameworks */,
				901297771E562EAA009217E7 /* Resources */,
			);
			buildRules = (
			);
			dependencies = (
				9012977B1E562EAA009217E7 /* PBXTargetDependency */,
			);
			name = ConvertItTests;
			productName = ConvertItTests;
			productReference = 901297791E562EAA009217E7 /* ConvertItTests.xctest */;
			productType = "com.apple.product-type.bundle.unit-test";
		};
/* End PBXNativeTarget section */

/* Begin PBXProject section */
		9012975D1E562EA9009217E7 /* Project object */ = {
			isa = PBXProject;
			attributes = {
				LastSwiftUpdateCheck = 0820;
				LastUpgradeCheck = 0820;
				ORGANIZATIONNAME = "Carley Ryan";
				TargetAttributes = {
					901297641E562EA9009217E7 = {
						CreatedOnToolsVersion = 8.2.1;
						DevelopmentTeam = L2ZQPGNCZ2;
						ProvisioningStyle = Automatic;
					};
					901297781E562EAA009217E7 = {
						CreatedOnToolsVersion = 8.2.1;
						DevelopmentTeam = L2ZQPGNCZ2;
						ProvisioningStyle = Automatic;
						TestTargetID = 901297641E562EA9009217E7;
					};
				};
			};
			buildConfigurationList = 901297601E562EA9009217E7 /* Build configuration list for PBXProject "ConvertIt" */;
			compatibilityVersion = "Xcode 3.2";
			developmentRegion = English;
			hasScannedForEncodings = 0;
			knownRegions = (
				en,
				Base,
			);
			mainGroup = 9012975C1E562EA9009217E7;
			productRefGroup = 901297661E562EA9009217E7 /* Products */;
			projectDirPath = "";
			projectRoot = "";
			targets = (
				901297641E562EA9009217E7 /* ConvertIt */,
				901297781E562EAA009217E7 /* ConvertItTests */,
			);
		};
/* End PBXProject section */

/* Begin PBXResourcesBuildPhase section */
		901297631E562EA9009217E7 /* Resources */ = {
			isa = PBXResourcesBuildPhase;
			buildActionMask = 2147483647;
			files = (
				901297731E562EA9009217E7 /* LaunchScreen.storyboard in Resources */,
				901297701E562EA9009217E7 /* Assets.xcassets in Resources */,
				9012976E1E562EA9009217E7 /* Main.storyboard in Resources */,
			);
			runOnlyForDeploymentPostprocessing = 0;
		};
		901297771E562EAA009217E7 /* Resources */ = {
			isa = PBXResourcesBuildPhase;
			buildActionMask = 2147483647;
			files = (
			);
			runOnlyForDeploymentPostprocessing = 0;
		};
/* End PBXResourcesBuildPhase section */

/* Begin PBXSourcesBuildPhase section */
		901297611E562EA9009217E7 /* Sources */ = {
			isa = PBXSourcesBuildPhase;
			buildActionMask = 2147483647;
			files = (
				9012976B1E562EA9009217E7 /* ViewController.swift in Sources */,
				901297691E562EA9009217E7 /* AppDelegate.swift in Sources */,
			);
			runOnlyForDeploymentPostprocessing = 0;
		};
		901297751E562EAA009217E7 /* Sources */ = {
			isa = PBXSourcesBuildPhase;
			buildActionMask = 2147483647;
			files = (
				9012977E1E562EAA009217E7 /* ConvertItTests.swift in Sources */,
			);
			runOnlyForDeploymentPostprocessing = 0;
		};
/* End PBXSourcesBuildPhase section */

/* Begin PBXTargetDependency section */
		9012977B1E562EAA009217E7 /* PBXTargetDependency */ = {
			isa = PBXTargetDependency;
			target = 901297641E562EA9009217E7 /* ConvertIt */;
			targetProxy = 9012977A1E562EAA009217E7 /* PBXContainerItemProxy */;
		};
/* End PBXTargetDependency section */

/* Begin PBXVariantGroup section */
		9012976C1E562EA9009217E7 /* Main.storyboard */ = {
			isa = PBXVariantGroup;
			children = (
				9012976D1E562EA9009217E7 /* Base */,
			);
			name = Main.storyboard;
			sourceTree = "<group>";
		};
		901297711E562EA9009217E7 /* LaunchScreen.storyboard */ = {
			isa = PBXVariantGroup;
			children = (
				901297721E562EA9009217E7 /* Base */,
			);
			name = LaunchScreen.storyboard;
			sourceTree = "<group>";
		};
/* End PBXVariantGroup section */

/* Begin XCBuildConfiguration section */
		901297801E562EAA009217E7 /* Debug */ = {
			isa = XCBuildConfiguration;
			buildSettings = {
				ALWAYS_SEARCH_USER_PATHS = NO;
				CLANG_ANALYZER_NONNULL = YES;
				CLANG_CXX_LANGUAGE_STANDARD = "gnu++0x";
				CLANG_CXX_LIBRARY = "libc++";
				CLANG_ENABLE_MODULES = YES;
				CLANG_ENABLE_OBJC_ARC = YES;
				CLANG_WARN_BOOL_CONVERSION = YES;
				CLANG_WARN_CONSTANT_CONVERSION = YES;
				CLANG_WARN_DIRECT_OBJC_ISA_USAGE = YES_ERROR;
				CLANG_WARN_DOCUMENTATION_COMMENTS = YES;
				CLANG_WARN_EMPTY_BODY = YES;
				CLANG_WARN_ENUM_CONVERSION = YES;
				CLANG_WARN_INFINITE_RECURSION = YES;
				CLANG_WARN_INT_CONVERSION = YES;
				CLANG_WARN_OBJC_ROOT_CLASS = YES_ERROR;
				CLANG_WARN_SUSPICIOUS_MOVE = YES;
				CLANG_WARN_UNREACHABLE_CODE = YES;
				CLANG_WARN__DUPLICATE_METHOD_MATCH = YES;
				"CODE_SIGN_IDENTITY[sdk=iphoneos*]" = "iPhone Developer";
				COPY_PHASE_STRIP = NO;
				DEBUG_INFORMATION_FORMAT = dwarf;
				ENABLE_STRICT_OBJC_MSGSEND = YES;
				ENABLE_TESTABILITY = YES;
				GCC_C_LANGUAGE_STANDARD = gnu99;
				GCC_DYNAMIC_NO_PIC = NO;
				GCC_NO_COMMON_BLOCKS = YES;
				GCC_OPTIMIZATION_LEVEL = 0;
				GCC_PREPROCESSOR_DEFINITIONS = (
					"DEBUG=1",
					"$(inherited)",
				);
				GCC_WARN_64_TO_32_BIT_CONVERSION = YES;
				GCC_WARN_ABOUT_RETURN_TYPE = YES_ERROR;
				GCC_WARN_UNDECLARED_SELECTOR = YES;
				GCC_WARN_UNINITIALIZED_AUTOS = YES_AGGRESSIVE;
				GCC_WARN_UNUSED_FUNCTION = YES;
				GCC_WARN_UNUSED_VARIABLE = YES;
				IPHONEOS_DEPLOYMENT_TARGET = 10.2;
				MTL_ENABLE_DEBUG_INFO = YES;
				ONLY_ACTIVE_ARCH = YES;
				SDKROOT = iphoneos;
				SWIFT_ACTIVE_COMPILATION_CONDITIONS = DEBUG;
				SWIFT_OPTIMIZATION_LEVEL = "-Onone";
				TARGETED_DEVICE_FAMILY = "1,2";
			};
			name = Debug;
		};
		901297811E562EAA009217E7 /* Release */ = {
			isa = XCBuildConfiguration;
			buildSettings = {
				ALWAYS_SEARCH_USER_PATHS = NO;
				CLANG_ANALYZER_NONNULL = YES;
				CLANG_CXX_LANGUAGE_STANDARD = "gnu++0x";
				CLANG_CXX_LIBRARY = "libc++";
				CLANG_ENABLE_MODULES = YES;
				CLANG_ENABLE_OBJC_ARC = YES;
				CLANG_WARN_BOOL_CONVERSION = YES;
				CLANG_WARN_CONSTANT_CONVERSION = YES;
				CLANG_WARN_DIRECT_OBJC_ISA_USAGE = YES_ERROR;
				CLANG_WARN_DOCUMENTATION_COMMENTS = YES;
				CLANG_WARN_EMPTY_BODY = YES;
				CLANG_WARN_ENUM_CONVERSION = YES;
				CLANG_WARN_INFINITE_RECURSION = YES;
				CLANG_WARN_INT_CONVERSION = YES;
				CLANG_WARN_OBJC_ROOT_CLASS = YES_ERROR;
				CLANG_WARN_SUSPICIOUS_MOVE = YES;
				CLANG_WARN_UNREACHABLE_CODE = YES;
				CLANG_WARN__DUPLICATE_METHOD_MATCH = YES;
				"CODE_SIGN_IDENTITY[sdk=iphoneos*]" = "iPhone Developer";
				COPY_PHASE_STRIP = NO;
				DEBUG_INFORMATION_FORMAT = "dwarf-with-dsym";
				ENABLE_NS_ASSERTIONS = NO;
				ENABLE_STRICT_OBJC_MSGSEND = YES;
				GCC_C_LANGUAGE_STANDARD = gnu99;
				GCC_NO_COMMON_BLOCKS = YES;
				GCC_WARN_64_TO_32_BIT_CONVERSION = YES;
				GCC_WARN_ABOUT_RETURN_TYPE = YES_ERROR;
				GCC_WARN_UNDECLARED_SELECTOR = YES;
				GCC_WARN_UNINITIALIZED_AUTOS = YES_AGGRESSIVE;
				GCC_WARN_UNUSED_FUNCTION = YES;
				GCC_WARN_UNUSED_VARIABLE = YES;
				IPHONEOS_DEPLOYMENT_TARGET = 10.2;
				MTL_ENABLE_DEBUG_INFO = NO;
				SDKROOT = iphoneos;
				SWIFT_OPTIMIZATION_LEVEL = "-Owholemodule";
				TARGETED_DEVICE_FAMILY = "1,2";
				VALIDATE_PRODUCT = YES;
			};
			name = Release;
		};
		901297831E562EAA009217E7 /* Debug */ = {
			isa = XCBuildConfiguration;
			buildSettings = {
				ASSETCATALOG_COMPILER_APPICON_NAME = AppIcon;
				DEVELOPMENT_TEAM = L2ZQPGNCZ2;
				INFOPLIST_FILE = ConvertIt/Info.plist;
				LD_RUNPATH_SEARCH_PATHS = "$(inherited) @executable_path/Frameworks";
				PRODUCT_BUNDLE_IDENTIFIER = Swift.ConvertIt;
				PRODUCT_NAME = "$(TARGET_NAME)";
				SWIFT_VERSION = 3.0;
			};
			name = Debug;
		};
		901297841E562EAA009217E7 /* Release */ = {
			isa = XCBuildConfiguration;
			buildSettings = {
				ASSETCATALOG_COMPILER_APPICON_NAME = AppIcon;
				DEVELOPMENT_TEAM = L2ZQPGNCZ2;
				INFOPLIST_FILE = ConvertIt/Info.plist;
				LD_RUNPATH_SEARCH_PATHS = "$(inherited) @executable_path/Frameworks";
				PRODUCT_BUNDLE_IDENTIFIER = Swift.ConvertIt;
				PRODUCT_NAME = "$(TARGET_NAME)";
				SWIFT_VERSION = 3.0;
			};
			name = Release;
		};
		901297861E562EAA009217E7 /* Debug */ = {
			isa = XCBuildConfiguration;
			buildSettings = {
				ALWAYS_EMBED_SWIFT_STANDARD_LIBRARIES = YES;
				BUNDLE_LOADER = "$(TEST_HOST)";
				DEVELOPMENT_TEAM = L2ZQPGNCZ2;
				INFOPLIST_FILE = ConvertItTests/Info.plist;
				LD_RUNPATH_SEARCH_PATHS = "$(inherited) @executable_path/Frameworks @loader_path/Frameworks";
				PRODUCT_BUNDLE_IDENTIFIER = Swift.ConvertItTests;
				PRODUCT_NAME = "$(TARGET_NAME)";
				SWIFT_VERSION = 3.0;
				TEST_HOST = "$(BUILT_PRODUCTS_DIR)/ConvertIt.app/ConvertIt";
			};
			name = Debug;
		};
		901297871E562EAA009217E7 /* Release */ = {
			isa = XCBuildConfiguration;
			buildSettings = {
				ALWAYS_EMBED_SWIFT_STANDARD_LIBRARIES = YES;
				BUNDLE_LOADER = "$(TEST_HOST)";
				DEVELOPMENT_TEAM = L2ZQPGNCZ2;
				INFOPLIST_FILE = ConvertItTests/Info.plist;
				LD_RUNPATH_SEARCH_PATHS = "$(inherited) @executable_path/Frameworks @loader_path/Frameworks";
				PRODUCT_BUNDLE_IDENTIFIER = Swift.ConvertItTests;
				PRODUCT_NAME = "$(TARGET_NAME)";
				SWIFT_VERSION = 3.0;
				TEST_HOST = "$(BUILT_PRODUCTS_DIR)/ConvertIt.app/ConvertIt";
			};
			name = Release;
		};
/* End XCBuildConfiguration section */

/* Begin XCConfigurationList section */
		901297601E562EA9009217E7 /* Build configuration list for PBXProject "ConvertIt" */ = {
			isa = XCConfigurationList;
			buildConfigurations = (
				901297801E562EAA009217E7 /* Debug */,
				901297811E562EAA009217E7 /* Release */,
			);
			defaultConfigurationIsVisible = 0;
			defaultConfigurationName = Release;
		};
		901297821E562EAA009217E7 /* Build configuration list for PBXNativeTarget "ConvertIt" */ = {
			isa = XCConfigurationList;
			buildConfigurations = (
				901297831E562EAA009217E7 /* Debug */,
				901297841E562EAA009217E7 /* Release */,
			);
			defaultConfigurationIsVisible = 0;
		};
		901297851E562EAA009217E7 /* Build configuration list for PBXNativeTarget "ConvertItTests" */ = {
			isa = XCConfigurationList;
			buildConfigurations = (
				901297861E562EAA009217E7 /* Debug */,
				901297871E562EAA009217E7 /* Release */,
			);
			defaultConfigurationIsVisible = 0;
		};
/* End XCConfigurationList section */
	};
	rootObject = 9012975D1E562EA9009217E7 /* Project object */;
}
